
Microsoft Visual Studio Solution File, Format Version 12.00
# Visual Studio Version 16
VisualStudioVersion = 16.0.29009.5
MinimumVisualStudioVersion = 10.0.40219.1
Project("{FAE04EC0-301F-11D3-BF4B-00C04F79EFBC}") = "Examples", "Examples\Examples.csproj", "{8A1542A8-A493-4360-B9F5-401FA4D71C30}"
EndProject
Project("{9A19103F-16F7-4668-BE54-9A1E7A4F7556}") = "Unickq.Sitecore.BeAutomation", "Unickq.Sitecore.BeAutomation\Unickq.Sitecore.BeAutomation.csproj", "{52ED5019-4C2D-4096-84DA-127A4432D922}"
EndProject
Project("{2150E333-8FDC-42A3-9474-1A3956D46DE8}") = "Solution Items", "Solution Items", "{E45308BC-167C-46C8-A61D-81B1169DD8CE}"
	ProjectSection(SolutionItems) = preProject
		README.md = README.md
	EndProjectSection
EndProject
Global
	GlobalSection(SolutionConfigurationPlatforms) = preSolution
		Debug|Any CPU = Debug|Any CPU
		Release|Any CPU = Release|Any CPU
	EndGlobalSection
	GlobalSection(ProjectConfigurationPlatforms) = postSolution
		{8A1542A8-A493-4360-B9F5-401FA4D71C30}.Debug|Any CPU.ActiveCfg = Debug|Any CPU
		{8A1542A8-A493-4360-B9F5-401FA4D71C30}.Debug|Any CPU.Build.0 = Debug|Any CPU
		{8A1542A8-A493-4360-B9F5-401FA4D71C30}.Release|Any CPU.ActiveCfg = Release|Any CPU
		{8A1542A8-A493-4360-B9F5-401FA4D71C30}.Release|Any CPU.Build.0 = Release|Any CPU
		{52ED5019-4C2D-4096-84DA-127A4432D922}.Debug|Any CPU.ActiveCfg = Debug|Any CPU
		{52ED5019-4C2D-4096-84DA-127A4432D922}.Debug|Any CPU.Build.0 = Debug|Any CPU
		{52ED5019-4C2D-4096-84DA-127A4432D922}.Release|Any CPU.ActiveCfg = Release|Any CPU
		{52ED5019-4C2D-4096-84DA-127A4432D922}.Release|Any CPU.Build.0 = Release|Any CPU
	EndGlobalSection
	GlobalSection(SolutionProperties) = preSolution
		HideSolutionNode = FALSE
	EndGlobalSection
	GlobalSection(ExtensibilityGlobals) = postSolution
		SolutionGuid = {6BDD2CEB-BDAA-483A-9AF7-F9494D977C46}
	EndGlobalSection
EndGlobal
